
Microsoft Visual Studio Solution File, Format Version 12.00
# Visual Studio 2012
Project("{FAE04EC0-301F-11D3-BF4B-00C04F79EFBC}") = "Obamafier", "Obamafier\Obamafier.csproj", "{8E35986A-3348-47BB-A659-3C9D585DC247}"
EndProject
Global
	GlobalSection(SolutionConfigurationPlatforms) = preSolution
		Debug|Any CPU = Debug|Any CPU
		Release|Any CPU = Release|Any CPU
	EndGlobalSection
	GlobalSection(ProjectConfigurationPlatforms) = postSolution
		{8E35986A-3348-47BB-A659-3C9D585DC247}.Debug|Any CPU.ActiveCfg = Debug|Any CPU
		{8E35986A-3348-47BB-A659-3C9D585DC247}.Debug|Any CPU.Build.0 = Debug|Any CPU
		{8E35986A-3348-47BB-A659-3C9D585DC247}.Release|Any CPU.ActiveCfg = Release|Any CPU
		{8E35986A-3348-47BB-A659-3C9D585DC247}.Release|Any CPU.Build.0 = Release|Any CPU
	EndGlobalSection
	GlobalSection(SolutionProperties) = preSolution
		HideSolutionNode = FALSE
	EndGlobalSection
EndGlobal
